
Microsoft Visual Studio Solution File, Format Version 12.00
# Visual Studio Version 17
VisualStudioVersion = 17.8.34330.188
MinimumVisualStudioVersion = 10.0.40219.1
Project("{8BC9CEB8-8B4A-11D0-8D11-00A0C91BC942}") = "MyDriver2", ".\MyDriver2.vcxproj", "{5951D45B-D5C0-4BF0-A8B3-C79B9EE64899}"
EndProject
Global
	GlobalSection(SolutionConfigurationPlatforms) = preSolution
		Debug|ARM = Debug|ARM
		Debug|ARM64 = Debug|ARM64
		Debug|Win32 = Debug|Win32
		Debug|x64 = Debug|x64
		Debug|x86 = Debug|x86
		Release|ARM = Release|ARM
		Release|ARM64 = Release|ARM64
		Release|Win32 = Release|Win32
		Release|x64 = Release|x64
		Release|x86 = Release|x86
		Win7 Debug|ARM = Win7 Debug|ARM
		Win7 Debug|ARM64 = Win7 Debug|ARM64
		Win7 Debug|Win32 = Win7 Debug|Win32
		Win7 Debug|x64 = Win7 Debug|x64
		Win7 Debug|x86 = Win7 Debug|x86
		Win7 Release|ARM = Win7 Release|ARM
		Win7 Release|ARM64 = Win7 Release|ARM64
		Win7 Release|Win32 = Win7 Release|Win32
		Win7 Release|x64 = Win7 Release|x64
		Win7 Release|x86 = Win7 Release|x86
		Win8 Debug|ARM = Win8 Debug|ARM
		Win8 Debug|ARM64 = Win8 Debug|ARM64
		Win8 Debug|Win32 = Win8 Debug|Win32
		Win8 Debug|x64 = Win8 Debug|x64
		Win8 Debug|x86 = Win8 Debug|x86
		Win8 Release|ARM = Win8 Release|ARM
		Win8 Release|ARM64 = Win8 Release|ARM64
		Win8 Release|Win32 = Win8 Release|Win32
		Win8 Release|x64 = Win8 Release|x64
		Win8 Release|x86 = Win8 Release|x86
		Win8.1 Debug|ARM = Win8.1 Debug|ARM
		Win8.1 Debug|ARM64 = Win8.1 Debug|ARM64
		Win8.1 Debug|Win32 = Win8.1 Debug|Win32
		Win8.1 Debug|x64 = Win8.1 Debug|x64
		Win8.1 Debug|x86 = Win8.1 Debug|x86
		Win8.1 Release|ARM = Win8.1 Release|ARM
		Win8.1 Release|ARM64 = Win8.1 Release|ARM64
		Win8.1 Release|Win32 = Win8.1 Release|Win32
		Win8.1 Release|x64 = Win8.1 Release|x64
		Win8.1 Release|x86 = Win8.1 Release|x86
	EndGlobalSection
	GlobalSection(ProjectConfigurationPlatforms) = postSolution
		{39705AFF-9EF5-486B-8E57-E791E0D93130}.Debug|ARM.ActiveCfg = Debug|x64
		{39705AFF-9EF5-486B-8E57-E791E0D93130}.Debug|ARM.Build.0 = Debug|x64
		{39705AFF-9EF5-486B-8E57-E791E0D93130}.Debug|ARM.Deploy.0 = Debug|x64
		{39705AFF-9EF5-486B-8E57-E791E0D93130}.Debug|ARM64.ActiveCfg = Debug|ARM64
		{39705AFF-9EF5-486B-8E57-E791E0D93130}.Debug|ARM64.Build.0 = Debug|ARM64
		{39705AFF-9EF5-486B-8E57-E791E0D93130}.Debug|ARM64.Deploy.0 = Debug|ARM64
		{39705AFF-9EF5-486B-8E57-E791E0D93130}.Debug|Win32.ActiveCfg = Debug|x64
		{39705AFF-9EF5-486B-8E57-E791E0D93130}.Debug|Win32.Build.0 = Debug|x64
		{39705AFF-9EF5-486B-8E57-E791E0D93130}.Debug|Win32.Deploy.0 = Debug|x64
		{39705AFF-9EF5-486B-8E57-E791E0D93130}.Debug|x64.ActiveCfg = Debug|x64
		{39705AFF-9EF5-486B-8E57-E791E0D93130}.Debug|x64.Build.0 = Debug|x64
		{39705AFF-9EF5-486B-8E57-E791E0D93130}.Debug|x64.Deploy.0 = Debug|x64
		{39705AFF-9EF5-486B-8E57-E791E0D93130}.Debug|x86.ActiveCfg = Debug|x64
		{39705AFF-9EF5-486B-8E57-E791E0D93130}.Debug|x86.Build.0 = Debug|x64
		{39705AFF-9EF5-486B-8E57-E791E0D93130}.Debug|x86.Deploy.0 = Debug|x64
		{39705AFF-9EF5-486B-8E57-E791E0D93130}.Release|ARM.ActiveCfg = Release|x64
		{39705AFF-9EF5-486B-8E57-E791E0D93130}.Release|ARM.Build.0 = Release|x64
		{39705AFF-9EF5-486B-8E57-E791E0D93130}.Release|ARM.Deploy.0 = Release|x64
		{39705AFF-9EF5-486B-8E57-E791E0D93130}.Release|ARM64.ActiveCfg = Release|ARM64
		{39705AFF-9EF5-486B-8E57-E791E0D93130}.Release|ARM64.Build.0 = Release|ARM64
		{39705AFF-9EF5-486B-8E57-E791E0D93130}.Release|ARM64.Deploy.0 = Release|ARM64
		{39705AFF-9EF5-486B-8E57-E791E0D93130}.Release|Win32.ActiveCfg = Release|x64
		{39705AFF-9EF5-486B-8E57-E791E0D93130}.Release|Win32.Build.0 = Release|x64
		{39705AFF-9EF5-486B-8E57-E791E0D93130}.Release|Win32.Deploy.0 = Release|x64
		{39705AFF-9EF5-486B-8E57-E791E0D93130}.Release|x64.ActiveCfg = Release|x64
		{39705AFF-9EF5-486B-8E57-E791E0D93130}.Release|x64.Build.0 = Release|x64
		{39705AFF-9EF5-486B-8E57-E791E0D93130}.Release|x64.Deploy.0 = Release|x64
		{39705AFF-9EF5-486B-8E57-E791E0D93130}.Release|x86.ActiveCfg = Release|Win32
		{39705AFF-9EF5-486B-8E57-E791E0D93130}.Release|x86.Build.0 = Release|Win32
		{39705AFF-9EF5-486B-8E57-E791E0D93130}.Release|x86.Deploy.0 = Release|Win32
		{39705AFF-9EF5-486B-8E57-E791E0D93130}.Win7 Debug|ARM.ActiveCfg = Debug|x64
		{39705AFF-9EF5-486B-8E57-E791E0D93130}.Win7 Debug|ARM.Build.0 = Debug|x64
		{39705AFF-9EF5-486B-8E57-E791E0D93130}.Win7 Debug|ARM.Deploy.0 = Debug|x64
		{39705AFF-9EF5-486B-8E57-E791E0D93130}.Win7 Debug|ARM64.ActiveCfg = Debug|ARM64
		{39705AFF-9EF5-486B-8E57-E791E0D93130}.Win7 Debug|ARM64.Build.0 = Debug|ARM64
		{39705AFF-9EF5-486B-8E57-E791E0D93130}.Win7 Debug|ARM64.Deploy.0 = Debug|ARM64
		{39705AFF-9EF5-486B-8E57-E791E0D93130}.Win7 Debug|Win32.ActiveCfg = Debug|Win32
		{39705AFF-9EF5-486B-8E57-E791E0D93130}.Win7 Debug|Win32.Build.0 = Debug|Win32
		{39705AFF-9EF5-486B-8E57-E791E0D93130}.Win7 Debug|Win32.Deploy.0 = Debug|Win32
		{39705AFF-9EF5-486B-8E57-E791E0D93130}.Win7 Debug|x64.ActiveCfg = Debug|x64
		{39705AFF-9EF5-486B-8E57-E791E0D93130}.Win7 Debug|x64.Build.0 = Debug|x64
		{39705AFF-9EF5-486B-8E57-E791E0D93130}.Win7 Debug|x64.Deploy.0 = Debug|x64
		{39705AFF-9EF5-486B-8E57-E791E0D93130}.Win7 Debug|x86.ActiveCfg = Debug|Win32
		{39705AFF-9EF5-486B-8E57-E791E0D93130}.Win7 Debug|x86.Build.0 = Debug|Win32
		{39705AFF-9EF5-486B-8E57-E791E0D93130}.Win7 Debug|x86.Deploy.0 = Debug|Win32
		{39705AFF-9EF5-486B-8E57-E791E0D93130}.Win7 Release|ARM.ActiveCfg = Release|x64
		{39705AFF-9EF5-486B-8E57-E791E0D93130}.Win7 Release|ARM.Build.0 = Release|x64
		{39705AFF-9EF5-486B-8E57-E791E0D93130}.Win7 Release|ARM.Deploy.0 = Release|x64
		{39705AFF-9EF5-486B-8E57-E791E0D93130}.Win7 Release|ARM64.ActiveCfg = Release|ARM64
		{39705AFF-9EF5-486B-8E57-E791E0D93130}.Win7 Release|ARM64.Build.0 = Release|ARM64
		{39705AFF-9EF5-486B-8E57-E791E0D93130}.Win7 Release|ARM64.Deploy.0 = Release|ARM64
		{39705AFF-9EF5-486B-8E57-E791E0D93130}.Win7 Release|Win32.ActiveCfg = Release|Win32
		{39705AFF-9EF5-486B-8E57-E791E0D93130}.Win7 Release|Win32.Build.0 = Release|Win32
		{39705AFF-9EF5-486B-8E57-E791E0D93130}.Win7 Release|Win32.Deploy.0 = Release|Win32
		{39705AFF-9EF5-486B-8E57-E791E0D93130}.Win7 Release|x64.ActiveCfg = Release|x64
		{39705AFF-9EF5-486B-8E57-E791E0D93130}.Win7 Release|x64.Build.0 = Release|x64
		{39705AFF-9EF5-486B-8E57-E791E0D93130}.Win7 Release|x64.Deploy.0 = Release|x64
		{39705AFF-9EF5-486B-8E57-E791E0D93130}.Win7 Release|x86.ActiveCfg = Release|Win32
		{39705AFF-9EF5-486B-8E57-E791E0D93130}.Win7 Release|x86.Build.0 = Release|Win32
		{39705AFF-9EF5-486B-8E57-E791E0D93130}.Win7 Release|x86.Deploy.0 = Release|Win32
		{39705AFF-9EF5-486B-8E57-E791E0D93130}.Win8 Debug|ARM.ActiveCfg = Debug|x64
		{39705AFF-9EF5-486B-8E57-E791E0D93130}.Win8 Debug|ARM.Build.0 = Debug|x64
		{39705AFF-9EF5-486B-8E57-E791E0D93130}.Win8 Debug|ARM.Deploy.0 = Debug|x64
		{39705AFF-9EF5-486B-8E57-E791E0D93130}.Win8 Debug|ARM64.ActiveCfg = Debug|ARM64
		{39705AFF-9EF5-486B-8E57-E791E0D93130}.Win8 Debug|ARM64.Build.0 = Debug|ARM64
		{39705AFF-9EF5-486B-8E57-E791E0D93130}.Win8 Debug|ARM64.Deploy.0 = Debug|ARM64
		{39705AFF-9EF5-486B-8E57-E791E0D93130}.Win8 Debug|Win32.ActiveCfg = Debug|Win32
		{39705AFF-9EF5-486B-8E57-E791E0D93130}.Win8 Debug|Win32.Build.0 = Debug|Win32
		{39705AFF-9EF5-486B-8E57-E791E0D93130}.Win8 Debug|Win32.Deploy.0 = Debug|Win32
		{39705AFF-9EF5-486B-8E57-E791E0D93130}.Win8 Debug|x64.ActiveCfg = Debug|x64
		{39705AFF-9EF5-486B-8E57-E791E0D93130}.Win8 Debug|x64.Build.0 = Debug|x64
		{39705AFF-9EF5-486B-8E57-E791E0D93130}.Win8 Debug|x64.Deploy.0 = Debug|x64
		{39705AFF-9EF5-486B-8E57-E791E0D93130}.Win8 Debug|x86.ActiveCfg = Debug|Win32
		{39705AFF-9EF5-486B-8E57-E791E0D93130}.Win8 Debug|x86.Build.0 = Debug|Win32
		{39705AFF-9EF5-486B-8E57-E791E0D93130}.Win8 Debug|x86.Deploy.0 = Debug|Win32
		{39705AFF-9EF5-486B-8E57-E791E0D93130}.Win8 Release|ARM.ActiveCfg = Release|x64
		{39705AFF-9EF5-486B-8E57-E791E0D93130}.Win8 Release|ARM.Build.0 = Release|x64
		{39705AFF-9EF5-486B-8E57-E791E0D93130}.Win8 Release|ARM.Deploy.0 = Release|x64
		{39705AFF-9EF5-486B-8E57-E791E0D93130}.Win8 Release|ARM64.ActiveCfg = Release|ARM64
		{39705AFF-9EF5-486B-8E57-E791E0D93130}.Win8 Release|ARM64.Build.0 = Release|ARM64
		{39705AFF-9EF5-486B-8E57-E791E0D93130}.Win8 Release|ARM64.Deploy.0 = Release|ARM64
		{39705AFF-9EF5-486B-8E57-E791E0D93130}.Win8 Release|Win32.ActiveCfg = Release|Win32
		{39705AFF-9EF5-486B-8E57-E791E0D93130}.Win8 Release|Win32.Build.0 = Release|Win32
		{39705AFF-9EF5-486B-8E57-E791E0D93130}.Win8 Release|Win32.Deploy.0 = Release|Win32
		{39705AFF-9EF5-486B-8E57-E791E0D93130}.Win8 Release|x64.ActiveCfg = Release|x64
		{39705AFF-9EF5-486B-8E57-E791E0D93130}.Win8 Release|x64.Build.0 = Release|x64
		{39705AFF-9EF5-486B-8E57-E791E0D93130}.Win8 Release|x64.Deploy.0 = Release|x64
		{39705AFF-9EF5-486B-8E57-E791E0D93130}.Win8 Release|x86.ActiveCfg = Release|Win32
		{39705AFF-9EF5-486B-8E57-E791E0D93130}.Win8 Release|x86.Build.0 = Release|Win32
		{39705AFF-9EF5-486B-8E57-E791E0D93130}.Win8 Release|x86.Deploy.0 = Release|Win32
		{39705AFF-9EF5-486B-8E57-E791E0D93130}.Win8.1 Debug|ARM.ActiveCfg = Debug|x64
		{39705AFF-9EF5-486B-8E57-E791E0D93130}.Win8.1 Debug|ARM.Build.0 = Debug|x64
		{39705AFF-9EF5-486B-8E57-E791E0D93130}.Win8.1 Debug|ARM.Deploy.0 = Debug|x64
		{39705AFF-9EF5-486B-8E57-E791E0D93130}.Win8.1 Debug|ARM64.ActiveCfg = Debug|ARM64
		{39705AFF-9EF5-486B-8E57-E791E0D93130}.Win8.1 Debug|ARM64.Build.0 = Debug|ARM64
		{39705AFF-9EF5-486B-8E57-E791E0D93130}.Win8.1 Debug|ARM64.Deploy.0 = Debug|ARM64
		{39705AFF-9EF5-486B-8E57-E791E0D93130}.Win8.1 Debug|Win32.ActiveCfg = Debug|Win32
		{39705AFF-9EF5-486B-8E57-E791E0D93130}.Win8.1 Debug|Win32.Build.0 = Debug|Win32
		{39705AFF-9EF5-486B-8E57-E791E0D93130}.Win8.1 Debug|Win32.Deploy.0 = Debug|Win32
		{39705AFF-9EF5-486B-8E57-E791E0D93130}.Win8.1 Debug|x64.ActiveCfg = Debug|x64
		{39705AFF-9EF5-486B-8E57-E791E0D93130}.Win8.1 Debug|x64.Build.0 = Debug|x64
		{39705AFF-9EF5-486B-8E57-E791E0D93130}.Win8.1 Debug|x64.Deploy.0 = Debug|x64
		{39705AFF-9EF5-486B-8E57-E791E0D93130}.Win8.1 Debug|x86.ActiveCfg = Debug|Win32
		{39705AFF-9EF5-486B-8E57-E791E0D93130}.Win8.1 Debug|x86.Build.0 = Debug|Win32
		{39705AFF-9EF5-486B-8E57-E791E0D93130}.Win8.1 Debug|x86.Deploy.0 = Debug|Win32
		{39705AFF-9EF5-486B-8E57-E791E0D93130}.Win8.1 Release|ARM.ActiveCfg = Release|x64
		{39705AFF-9EF5-486B-8E57-E791E0D93130}.Win8.1 Release|ARM.Build.0 = Release|x64
		{39705AFF-9EF5-486B-8E57-E791E0D93130}.Win8.1 Release|ARM.Deploy.0 = Release|x64
		{39705AFF-9EF5-486B-8E57-E791E0D93130}.Win8.1 Release|ARM64.ActiveCfg = Release|ARM64
		{39705AFF-9EF5-486B-8E57-E791E0D93130}.Win8.1 Release|ARM64.Build.0 = Release|ARM64
		{39705AFF-9EF5-486B-8E57-E791E0D93130}.Win8.1 Release|ARM64.Deploy.0 = Release|ARM64
		{39705AFF-9EF5-486B-8E57-E791E0D93130}.Win8.1 Release|Win32.ActiveCfg = Release|Win32
		{39705AFF-9EF5-486B-8E57-E791E0D93130}.Win8.1 Release|Win32.Build.0 = Release|Win32
		{39705AFF-9EF5-486B-8E57-E791E0D93130}.Win8.1 Release|Win32.Deploy.0 = Release|Win32
		{39705AFF-9EF5-486B-8E57-E791E0D93130}.Win8.1 Release|x64.ActiveCfg = Release|x64
		{39705AFF-9EF5-486B-8E57-E791E0D93130}.Win8.1 Release|x64.Build.0 = Release|x64
		{39705AFF-9EF5-486B-8E57-E791E0D93130}.Win8.1 Release|x64.Deploy.0 = Release|x64
		{39705AFF-9EF5-486B-8E57-E791E0D93130}.Win8.1 Release|x86.ActiveCfg = Release|Win32
		{39705AFF-9EF5-486B-8E57-E791E0D93130}.Win8.1 Release|x86.Build.0 = Release|Win32
		{39705AFF-9EF5-486B-8E57-E791E0D93130}.Win8.1 Release|x86.Deploy.0 = Release|Win32
		{18EB52AA-4B00-4CAB-B4D7-4B420EB6111D}.Debug|ARM.ActiveCfg = Debug|x64
		{18EB52AA-4B00-4CAB-B4D7-4B420EB6111D}.Debug|ARM.Build.0 = Debug|x64
		{18EB52AA-4B00-4CAB-B4D7-4B420EB6111D}.Debug|ARM.Deploy.0 = Debug|x64
		{18EB52AA-4B00-4CAB-B4D7-4B420EB6111D}.Debug|ARM64.ActiveCfg = Debug|ARM64
		{18EB52AA-4B00-4CAB-B4D7-4B420EB6111D}.Debug|ARM64.Build.0 = Debug|ARM64
		{18EB52AA-4B00-4CAB-B4D7-4B420EB6111D}.Debug|ARM64.Deploy.0 = Debug|ARM64
		{18EB52AA-4B00-4CAB-B4D7-4B420EB6111D}.Debug|Win32.ActiveCfg = Debug|x64
		{18EB52AA-4B00-4CAB-B4D7-4B420EB6111D}.Debug|Win32.Build.0 = Debug|x64
		{18EB52AA-4B00-4CAB-B4D7-4B420EB6111D}.Debug|Win32.Deploy.0 = Debug|x64
		{18EB52AA-4B00-4CAB-B4D7-4B420EB6111D}.Debug|x64.ActiveCfg = Debug|x64
		{18EB52AA-4B00-4CAB-B4D7-4B420EB6111D}.Debug|x64.Build.0 = Debug|x64
		{18EB52AA-4B00-4CAB-B4D7-4B420EB6111D}.Debug|x64.Deploy.0 = Debug|x64
		{18EB52AA-4B00-4CAB-B4D7-4B420EB6111D}.Debug|x86.ActiveCfg = Debug|x64
		{18EB52AA-4B00-4CAB-B4D7-4B420EB6111D}.Debug|x86.Build.0 = Debug|x64
		{18EB52AA-4B00-4CAB-B4D7-4B420EB6111D}.Debug|x86.Deploy.0 = Debug|x64
		{18EB52AA-4B00-4CAB-B4D7-4B420EB6111D}.Release|ARM.ActiveCfg = Release|x64
		{18EB52AA-4B00-4CAB-B4D7-4B420EB6111D}.Release|ARM.Build.0 = Release|x64
		{18EB52AA-4B00-4CAB-B4D7-4B420EB6111D}.Release|ARM.Deploy.0 = Release|x64
		{18EB52AA-4B00-4CAB-B4D7-4B420EB6111D}.Release|ARM64.ActiveCfg = Release|ARM64
		{18EB52AA-4B00-4CAB-B4D7-4B420EB6111D}.Release|ARM64.Build.0 = Release|ARM64
		{18EB52AA-4B00-4CAB-B4D7-4B420EB6111D}.Release|ARM64.Deploy.0 = Release|ARM64
		{18EB52AA-4B00-4CAB-B4D7-4B420EB6111D}.Release|Win32.ActiveCfg = Release|x64
		{18EB52AA-4B00-4CAB-B4D7-4B420EB6111D}.Release|Win32.Build.0 = Release|x64
		{18EB52AA-4B00-4CAB-B4D7-4B420EB6111D}.Release|Win32.Deploy.0 = Release|x64
		{18EB52AA-4B00-4CAB-B4D7-4B420EB6111D}.Release|x64.ActiveCfg = Release|x64
		{18EB52AA-4B00-4CAB-B4D7-4B420EB6111D}.Release|x64.Build.0 = Release|x64
		{18EB52AA-4B00-4CAB-B4D7-4B420EB6111D}.Release|x64.Deploy.0 = Release|x64
		{18EB52AA-4B00-4CAB-B4D7-4B420EB6111D}.Release|x86.ActiveCfg = Release|x64
		{18EB52AA-4B00-4CAB-B4D7-4B420EB6111D}.Release|x86.Build.0 = Release|x64
		{18EB52AA-4B00-4CAB-B4D7-4B420EB6111D}.Release|x86.Deploy.0 = Release|x64
		{18EB52AA-4B00-4CAB-B4D7-4B420EB6111D}.Win7 Debug|ARM.ActiveCfg = Debug|x64
		{18EB52AA-4B00-4CAB-B4D7-4B420EB6111D}.Win7 Debug|ARM.Build.0 = Debug|x64
		{18EB52AA-4B00-4CAB-B4D7-4B420EB6111D}.Win7 Debug|ARM.Deploy.0 = Debug|x64
		{18EB52AA-4B00-4CAB-B4D7-4B420EB6111D}.Win7 Debug|ARM64.ActiveCfg = Debug|ARM64
		{18EB52AA-4B00-4CAB-B4D7-4B420EB6111D}.Win7 Debug|ARM64.Build.0 = Debug|ARM64
		{18EB52AA-4B00-4CAB-B4D7-4B420EB6111D}.Win7 Debug|ARM64.Deploy.0 = Debug|ARM64
		{18EB52AA-4B00-4CAB-B4D7-4B420EB6111D}.Win7 Debug|Win32.ActiveCfg = Debug|x64
		{18EB52AA-4B00-4CAB-B4D7-4B420EB6111D}.Win7 Debug|Win32.Build.0 = Debug|x64
		{18EB52AA-4B00-4CAB-B4D7-4B420EB6111D}.Win7 Debug|Win32.Deploy.0 = Debug|x64
		{18EB52AA-4B00-4CAB-B4D7-4B420EB6111D}.Win7 Debug|x64.ActiveCfg = Debug|x64
		{18EB52AA-4B00-4CAB-B4D7-4B420EB6111D}.Win7 Debug|x64.Build.0 = Debug|x64
		{18EB52AA-4B00-4CAB-B4D7-4B420EB6111D}.Win7 Debug|x64.Deploy.0 = Debug|x64
		{18EB52AA-4B00-4CAB-B4D7-4B420EB6111D}.Win7 Debug|x86.ActiveCfg = Debug|x64
		{18EB52AA-4B00-4CAB-B4D7-4B420EB6111D}.Win7 Debug|x86.Build.0 = Debug|x64
		{18EB52AA-4B00-4CAB-B4D7-4B420EB6111D}.Win7 Debug|x86.Deploy.0 = Debug|x64
		{18EB52AA-4B00-4CAB-B4D7-4B420EB6111D}.Win7 Release|ARM.ActiveCfg = Release|x64
		{18EB52AA-4B00-4CAB-B4D7-4B420EB6111D}.Win7 Release|ARM.Build.0 = Release|x64
		{18EB52AA-4B00-4CAB-B4D7-4B420EB6111D}.Win7 Release|ARM.Deploy.0 = Release|x64
		{18EB52AA-4B00-4CAB-B4D7-4B420EB6111D}.Win7 Release|ARM64.ActiveCfg = Release|ARM64
		{18EB52AA-4B00-4CAB-B4D7-4B420EB6111D}.Win7 Release|ARM64.Build.0 = Release|ARM64
		{18EB52AA-4B00-4CAB-B4D7-4B420EB6111D}.Win7 Release|ARM64.Deploy.0 = Release|ARM64
		{18EB52AA-4B00-4CAB-B4D7-4B420EB6111D}.Win7 Release|Win32.ActiveCfg = Release|x64
		{18EB52AA-4B00-4CAB-B4D7-4B420EB6111D}.Win7 Release|Win32.Build.0 = Release|x64
		{18EB52AA-4B00-4CAB-B4D7-4B420EB6111D}.Win7 Release|Win32.Deploy.0 = Release|x64
		{18EB52AA-4B00-4CAB-B4D7-4B420EB6111D}.Win7 Release|x64.ActiveCfg = Release|x64
		{18EB52AA-4B00-4CAB-B4D7-4B420EB6111D}.Win7 Release|x64.Build.0 = Release|x64
		{18EB52AA-4B00-4CAB-B4D7-4B420EB6111D}.Win7 Release|x64.Deploy.0 = Release|x64
		{18EB52AA-4B00-4CAB-B4D7-4B420EB6111D}.Win7 Release|x86.ActiveCfg = Release|x64
		{18EB52AA-4B00-4CAB-B4D7-4B420EB6111D}.Win7 Release|x86.Build.0 = Release|x64
		{18EB52AA-4B00-4CAB-B4D7-4B420EB6111D}.Win7 Release|x86.Deploy.0 = Release|x64
		{18EB52AA-4B00-4CAB-B4D7-4B420EB6111D}.Win8 Debug|ARM.ActiveCfg = Debug|x64
		{18EB52AA-4B00-4CAB-B4D7-4B420EB6111D}.Win8 Debug|ARM.Build.0 = Debug|x64
		{18EB52AA-4B00-4CAB-B4D7-4B420EB6111D}.Win8 Debug|ARM.Deploy.0 = Debug|x64
		{18EB52AA-4B00-4CAB-B4D7-4B420EB6111D}.Win8 Debug|ARM64.ActiveCfg = Debug|ARM64
		{18EB52AA-4B00-4CAB-B4D7-4B420EB6111D}.Win8 Debug|ARM64.Build.0 = Debug|ARM64
		{18EB52AA-4B00-4CAB-B4D7-4B420EB6111D}.Win8 Debug|ARM64.Deploy.0 = Debug|ARM64
		{18EB52AA-4B00-4CAB-B4D7-4B420EB6111D}.Win8 Debug|Win32.ActiveCfg = Debug|x64
		{18EB52AA-4B00-4CAB-B4D7-4B420EB6111D}.Win8 Debug|Win32.Build.0 = Debug|x64
		{18EB52AA-4B00-4CAB-B4D7-4B420EB6111D}.Win8 Debug|Win32.Deploy.0 = Debug|x64
		{18EB52AA-4B00-4CAB-B4D7-4B420EB6111D}.Win8 Debug|x64.ActiveCfg = Debug|x64
		{18EB52AA-4B00-4CAB-B4D7-4B420EB6111D}.Win8 Debug|x64.Build.0 = Debug|x64
		{18EB52AA-4B00-4CAB-B4D7-4B420EB6111D}.Win8 Debug|x64.Deploy.0 = Debug|x64
		{18EB52AA-4B00-4CAB-B4D7-4B420EB6111D}.Win8 Debug|x86.ActiveCfg = Debug|x64
		{18EB52AA-4B00-4CAB-B4D7-4B420EB6111D}.Win8 Debug|x86.Build.0 = Debug|x64
		{18EB52AA-4B00-4CAB-B4D7-4B420EB6111D}.Win8 Debug|x86.Deploy.0 = Debug|x64
		{18EB52AA-4B00-4CAB-B4D7-4B420EB6111D}.Win8 Release|ARM.ActiveCfg = Release|x64
		{18EB52AA-4B00-4CAB-B4D7-4B420EB6111D}.Win8 Release|ARM.Build.0 = Release|x64
		{18EB52AA-4B00-4CAB-B4D7-4B420EB6111D}.Win8 Release|ARM.Deploy.0 = Release|x64
		{18EB52AA-4B00-4CAB-B4D7-4B420EB6111D}.Win8 Release|ARM64.ActiveCfg = Release|ARM64
		{18EB52AA-4B00-4CAB-B4D7-4B420EB6111D}.Win8 Release|ARM64.Build.0 = Release|ARM64
		{18EB52AA-4B00-4CAB-B4D7-4B420EB6111D}.Win8 Release|ARM64.Deploy.0 = Release|ARM64
		{18EB52AA-4B00-4CAB-B4D7-4B420EB6111D}.Win8 Release|Win32.ActiveCfg = Release|x64
		{18EB52AA-4B00-4CAB-B4D7-4B420EB6111D}.Win8 Release|Win32.Build.0 = Release|x64
		{18EB52AA-4B00-4CAB-B4D7-4B420EB6111D}.Win8 Release|Win32.Deploy.0 = Release|x64
		{18EB52AA-4B00-4CAB-B4D7-4B420EB6111D}.Win8 Release|x64.ActiveCfg = Release|x64
		{18EB52AA-4B00-4CAB-B4D7-4B420EB6111D}.Win8 Release|x64.Build.0 = Release|x64
		{18EB52AA-4B00-4CAB-B4D7-4B420EB6111D}.Win8 Release|x64.Deploy.0 = Release|x64
		{18EB52AA-4B00-4CAB-B4D7-4B420EB6111D}.Win8 Release|x86.ActiveCfg = Release|x64
		{18EB52AA-4B00-4CAB-B4D7-4B420EB6111D}.Win8 Release|x86.Build.0 = Release|x64
		{18EB52AA-4B00-4CAB-B4D7-4B420EB6111D}.Win8 Release|x86.Deploy.0 = Release|x64
		{18EB52AA-4B00-4CAB-B4D7-4B420EB6111D}.Win8.1 Debug|ARM.ActiveCfg = Debug|x64
		{18EB52AA-4B00-4CAB-B4D7-4B420EB6111D}.Win8.1 Debug|ARM.Build.0 = Debug|x64
		{18EB52AA-4B00-4CAB-B4D7-4B420EB6111D}.Win8.1 Debug|ARM.Deploy.0 = Debug|x64
		{18EB52AA-4B00-4CAB-B4D7-4B420EB6111D}.Win8.1 Debug|ARM64.ActiveCfg = Debug|ARM64
		{18EB52AA-4B00-4CAB-B4D7-4B420EB6111D}.Win8.1 Debug|ARM64.Build.0 = Debug|ARM64
		{18EB52AA-4B00-4CAB-B4D7-4B420EB6111D}.Win8.1 Debug|ARM64.Deploy.0 = Debug|ARM64
		{18EB52AA-4B00-4CAB-B4D7-4B420EB6111D}.Win8.1 Debug|Win32.ActiveCfg = Debug|x64
		{18EB52AA-4B00-4CAB-B4D7-4B420EB6111D}.Win8.1 Debug|Win32.Build.0 = Debug|x64
		{18EB52AA-4B00-4CAB-B4D7-4B420EB6111D}.Win8.1 Debug|Win32.Deploy.0 = Debug|x64
		{18EB52AA-4B00-4CAB-B4D7-4B420EB6111D}.Win8.1 Debug|x64.ActiveCfg = Debug|x64
		{18EB52AA-4B00-4CAB-B4D7-4B420EB6111D}.Win8.1 Debug|x64.Build.0 = Debug|x64
		{18EB52AA-4B00-4CAB-B4D7-4B420EB6111D}.Win8.1 Debug|x64.Deploy.0 = Debug|x64
		{18EB52AA-4B00-4CAB-B4D7-4B420EB6111D}.Win8.1 Debug|x86.ActiveCfg = Debug|x64
		{18EB52AA-4B00-4CAB-B4D7-4B420EB6111D}.Win8.1 Debug|x86.Build.0 = Debug|x64
		{18EB52AA-4B00-4CAB-B4D7-4B420EB6111D}.Win8.1 Debug|x86.Deploy.0 = Debug|x64
		{18EB52AA-4B00-4CAB-B4D7-4B420EB6111D}.Win8.1 Release|ARM.ActiveCfg = Release|x64
		{18EB52AA-4B00-4CAB-B4D7-4B420EB6111D}.Win8.1 Release|ARM.Build.0 = Release|x64
		{18EB52AA-4B00-4CAB-B4D7-4B420EB6111D}.Win8.1 Release|ARM.Deploy.0 = Release|x64
		{18EB52AA-4B00-4CAB-B4D7-4B420EB6111D}.Win8.1 Release|ARM64.ActiveCfg = Release|ARM64
		{18EB52AA-4B00-4CAB-B4D7-4B420EB6111D}.Win8.1 Release|ARM64.Build.0 = Release|ARM64
		{18EB52AA-4B00-4CAB-B4D7-4B420EB6111D}.Win8.1 Release|ARM64.Deploy.0 = Release|ARM64
		{18EB52AA-4B00-4CAB-B4D7-4B420EB6111D}.Win8.1 Release|Win32.ActiveCfg = Release|x64
		{18EB52AA-4B00-4CAB-B4D7-4B420EB6111D}.Win8.1 Release|Win32.Build.0 = Release|x64
		{18EB52AA-4B00-4CAB-B4D7-4B420EB6111D}.Win8.1 Release|Win32.Deploy.0 = Release|x64
		{18EB52AA-4B00-4CAB-B4D7-4B420EB6111D}.Win8.1 Release|x64.ActiveCfg = Release|x64
		{18EB52AA-4B00-4CAB-B4D7-4B420EB6111D}.Win8.1 Release|x64.Build.0 = Release|x64
		{18EB52AA-4B00-4CAB-B4D7-4B420EB6111D}.Win8.1 Release|x64.Deploy.0 = Release|x64
		{18EB52AA-4B00-4CAB-B4D7-4B420EB6111D}.Win8.1 Release|x86.ActiveCfg = Release|x64
		{18EB52AA-4B00-4CAB-B4D7-4B420EB6111D}.Win8.1 Release|x86.Build.0 = Release|x64
		{18EB52AA-4B00-4CAB-B4D7-4B420EB6111D}.Win8.1 Release|x86.Deploy.0 = Release|x64
		{CFC82348-03D1-4D6E-9D69-2EFC2B069B73}.Debug|ARM.ActiveCfg = Debug|x64
		{CFC82348-03D1-4D6E-9D69-2EFC2B069B73}.Debug|ARM.Build.0 = Debug|x64
		{CFC82348-03D1-4D6E-9D69-2EFC2B069B73}.Debug|ARM64.ActiveCfg = Debug|x64
		{CFC82348-03D1-4D6E-9D69-2EFC2B069B73}.Debug|ARM64.Build.0 = Debug|x64
		{CFC82348-03D1-4D6E-9D69-2EFC2B069B73}.Debug|Win32.ActiveCfg = Debug|Win32
		{CFC82348-03D1-4D6E-9D69-2EFC2B069B73}.Debug|Win32.Build.0 = Debug|Win32
		{CFC82348-03D1-4D6E-9D69-2EFC2B069B73}.Debug|x64.ActiveCfg = Debug|x64
		{CFC82348-03D1-4D6E-9D69-2EFC2B069B73}.Debug|x64.Build.0 = Debug|x64
		{CFC82348-03D1-4D6E-9D69-2EFC2B069B73}.Debug|x86.ActiveCfg = Debug|Win32
		{CFC82348-03D1-4D6E-9D69-2EFC2B069B73}.Debug|x86.Build.0 = Debug|Win32
		{CFC82348-03D1-4D6E-9D69-2EFC2B069B73}.Release|ARM.ActiveCfg = Release|x64
		{CFC82348-03D1-4D6E-9D69-2EFC2B069B73}.Release|ARM.Build.0 = Release|x64
		{CFC82348-03D1-4D6E-9D69-2EFC2B069B73}.Release|ARM64.ActiveCfg = Release|x64
		{CFC82348-03D1-4D6E-9D69-2EFC2B069B73}.Release|ARM64.Build.0 = Release|x64
		{CFC82348-03D1-4D6E-9D69-2EFC2B069B73}.Release|Win32.ActiveCfg = Release|Win32
		{CFC82348-03D1-4D6E-9D69-2EFC2B069B73}.Release|Win32.Build.0 = Release|Win32
		{CFC82348-03D1-4D6E-9D69-2EFC2B069B73}.Release|x64.ActiveCfg = Release|x64
		{CFC82348-03D1-4D6E-9D69-2EFC2B069B73}.Release|x64.Build.0 = Release|x64
		{CFC82348-03D1-4D6E-9D69-2EFC2B069B73}.Release|x86.ActiveCfg = Release|Win32
		{CFC82348-03D1-4D6E-9D69-2EFC2B069B73}.Release|x86.Build.0 = Release|Win32
		{CFC82348-03D1-4D6E-9D69-2EFC2B069B73}.Win7 Debug|ARM.ActiveCfg = Debug|x64
		{CFC82348-03D1-4D6E-9D69-2EFC2B069B73}.Win7 Debug|ARM.Build.0 = Debug|x64
		{CFC82348-03D1-4D6E-9D69-2EFC2B069B73}.Win7 Debug|ARM64.ActiveCfg = Debug|x64
		{CFC82348-03D1-4D6E-9D69-2EFC2B069B73}.Win7 Debug|ARM64.Build.0 = Debug|x64
		{CFC82348-03D1-4D6E-9D69-2EFC2B069B73}.Win7 Debug|Win32.ActiveCfg = Debug|Win32
		{CFC82348-03D1-4D6E-9D69-2EFC2B069B73}.Win7 Debug|Win32.Build.0 = Debug|Win32
		{CFC82348-03D1-4D6E-9D69-2EFC2B069B73}.Win7 Debug|x64.ActiveCfg = Debug|x64
		{CFC82348-03D1-4D6E-9D69-2EFC2B069B73}.Win7 Debug|x64.Build.0 = Debug|x64
		{CFC82348-03D1-4D6E-9D69-2EFC2B069B73}.Win7 Debug|x86.ActiveCfg = Debug|Win32
		{CFC82348-03D1-4D6E-9D69-2EFC2B069B73}.Win7 Debug|x86.Build.0 = Debug|Win32
		{CFC82348-03D1-4D6E-9D69-2EFC2B069B73}.Win7 Release|ARM.ActiveCfg = Release|x64
		{CFC82348-03D1-4D6E-9D69-2EFC2B069B73}.Win7 Release|ARM.Build.0 = Release|x64
		{CFC82348-03D1-4D6E-9D69-2EFC2B069B73}.Win7 Release|ARM64.ActiveCfg = Release|x64
		{CFC82348-03D1-4D6E-9D69-2EFC2B069B73}.Win7 Release|ARM64.Build.0 = Release|x64
		{CFC82348-03D1-4D6E-9D69-2EFC2B069B73}.Win7 Release|Win32.ActiveCfg = Release|Win32
		{CFC82348-03D1-4D6E-9D69-2EFC2B069B73}.Win7 Release|Win32.Build.0 = Release|Win32
		{CFC82348-03D1-4D6E-9D69-2EFC2B069B73}.Win7 Release|x64.ActiveCfg = Release|x64
		{CFC82348-03D1-4D6E-9D69-2EFC2B069B73}.Win7 Release|x64.Build.0 = Release|x64
		{CFC82348-03D1-4D6E-9D69-2EFC2B069B73}.Win7 Release|x86.ActiveCfg = Release|Win32
		{CFC82348-03D1-4D6E-9D69-2EFC2B069B73}.Win7 Release|x86.Build.0 = Release|Win32
		{CFC82348-03D1-4D6E-9D69-2EFC2B069B73}.Win8 Debug|ARM.ActiveCfg = Debug|x64
		{CFC82348-03D1-4D6E-9D69-2EFC2B069B73}.Win8 Debug|ARM.Build.0 = Debug|x64
		{CFC82348-03D1-4D6E-9D69-2EFC2B069B73}.Win8 Debug|ARM64.ActiveCfg = Debug|x64
		{CFC82348-03D1-4D6E-9D69-2EFC2B069B73}.Win8 Debug|ARM64.Build.0 = Debug|x64
		{CFC82348-03D1-4D6E-9D69-2EFC2B069B73}.Win8 Debug|Win32.ActiveCfg = Debug|Win32
		{CFC82348-03D1-4D6E-9D69-2EFC2B069B73}.Win8 Debug|Win32.Build.0 = Debug|Win32
		{CFC82348-03D1-4D6E-9D69-2EFC2B069B73}.Win8 Debug|x64.ActiveCfg = Debug|x64
		{CFC82348-03D1-4D6E-9D69-2EFC2B069B73}.Win8 Debug|x64.Build.0 = Debug|x64
		{CFC82348-03D1-4D6E-9D69-2EFC2B069B73}.Win8 Debug|x86.ActiveCfg = Debug|Win32
		{CFC82348-03D1-4D6E-9D69-2EFC2B069B73}.Win8 Debug|x86.Build.0 = Debug|Win32
		{CFC82348-03D1-4D6E-9D69-2EFC2B069B73}.Win8 Release|ARM.ActiveCfg = Release|x64
		{CFC82348-03D1-4D6E-9D69-2EFC2B069B73}.Win8 Release|ARM.Build.0 = Release|x64
		{CFC82348-03D1-4D6E-9D69-2EFC2B069B73}.Win8 Release|ARM64.ActiveCfg = Release|x64
		{CFC82348-03D1-4D6E-9D69-2EFC2B069B73}.Win8 Release|ARM64.Build.0 = Release|x64
		{CFC82348-03D1-4D6E-9D69-2EFC2B069B73}.Win8 Release|Win32.ActiveCfg = Release|Win32
		{CFC82348-03D1-4D6E-9D69-2EFC2B069B73}.Win8 Release|Win32.Build.0 = Release|Win32
		{CFC82348-03D1-4D6E-9D69-2EFC2B069B73}.Win8 Release|x64.ActiveCfg = Release|x64
		{CFC82348-03D1-4D6E-9D69-2EFC2B069B73}.Win8 Release|x64.Build.0 = Release|x64
		{CFC82348-03D1-4D6E-9D69-2EFC2B069B73}.Win8 Release|x86.ActiveCfg = Release|Win32
		{CFC82348-03D1-4D6E-9D69-2EFC2B069B73}.Win8 Release|x86.Build.0 = Release|Win32
		{CFC82348-03D1-4D6E-9D69-2EFC2B069B73}.Win8.1 Debug|ARM.ActiveCfg = Debug|x64
		{CFC82348-03D1-4D6E-9D69-2EFC2B069B73}.Win8.1 Debug|ARM.Build.0 = Debug|x64
		{CFC82348-03D1-4D6E-9D69-2EFC2B069B73}.Win8.1 Debug|ARM64.ActiveCfg = Debug|x64
		{CFC82348-03D1-4D6E-9D69-2EFC2B069B73}.Win8.1 Debug|ARM64.Build.0 = Debug|x64
		{CFC82348-03D1-4D6E-9D69-2EFC2B069B73}.Win8.1 Debug|Win32.ActiveCfg = Debug|Win32
		{CFC82348-03D1-4D6E-9D69-2EFC2B069B73}.Win8.1 Debug|Win32.Build.0 = Debug|Win32
		{CFC82348-03D1-4D6E-9D69-2EFC2B069B73}.Win8.1 Debug|x64.ActiveCfg = Debug|x64
		{CFC82348-03D1-4D6E-9D69-2EFC2B069B73}.Win8.1 Debug|x64.Build.0 = Debug|x64
		{CFC82348-03D1-4D6E-9D69-2EFC2B069B73}.Win8.1 Debug|x86.ActiveCfg = Debug|Win32
		{CFC82348-03D1-4D6E-9D69-2EFC2B069B73}.Win8.1 Debug|x86.Build.0 = Debug|Win32
		{CFC82348-03D1-4D6E-9D69-2EFC2B069B73}.Win8.1 Release|ARM.ActiveCfg = Release|x64
		{CFC82348-03D1-4D6E-9D69-2EFC2B069B73}.Win8.1 Release|ARM.Build.0 = Release|x64
		{CFC82348-03D1-4D6E-9D69-2EFC2B069B73}.Win8.1 Release|ARM64.ActiveCfg = Release|x64
		{CFC82348-03D1-4D6E-9D69-2EFC2B069B73}.Win8.1 Release|ARM64.Build.0 = Release|x64
		{CFC82348-03D1-4D6E-9D69-2EFC2B069B73}.Win8.1 Release|Win32.ActiveCfg = Release|Win32
		{CFC82348-03D1-4D6E-9D69-2EFC2B069B73}.Win8.1 Release|Win32.Build.0 = Release|Win32
		{CFC82348-03D1-4D6E-9D69-2EFC2B069B73}.Win8.1 Release|x64.ActiveCfg = Release|x64
		{CFC82348-03D1-4D6E-9D69-2EFC2B069B73}.Win8.1 Release|x64.Build.0 = Release|x64
		{CFC82348-03D1-4D6E-9D69-2EFC2B069B73}.Win8.1 Release|x86.ActiveCfg = Release|Win32
		{CFC82348-03D1-4D6E-9D69-2EFC2B069B73}.Win8.1 Release|x86.Build.0 = Release|Win32
		{55D606A1-F7BC-407D-BB5B-6369B2E78AC9}.Debug|ARM.ActiveCfg = Debug|x64
		{55D606A1-F7BC-407D-BB5B-6369B2E78AC9}.Debug|ARM.Build.0 = Debug|x64
		{55D606A1-F7BC-407D-BB5B-6369B2E78AC9}.Debug|ARM64.ActiveCfg = Debug|x64
		{55D606A1-F7BC-407D-BB5B-6369B2E78AC9}.Debug|ARM64.Build.0 = Debug|x64
		{55D606A1-F7BC-407D-BB5B-6369B2E78AC9}.Debug|Win32.ActiveCfg = Debug|Win32
		{55D606A1-F7BC-407D-BB5B-6369B2E78AC9}.Debug|Win32.Build.0 = Debug|Win32
		{55D606A1-F7BC-407D-BB5B-6369B2E78AC9}.Debug|x64.ActiveCfg = Debug|x64
		{55D606A1-F7BC-407D-BB5B-6369B2E78AC9}.Debug|x64.Build.0 = Debug|x64
		{55D606A1-F7BC-407D-BB5B-6369B2E78AC9}.Debug|x86.ActiveCfg = Debug|Win32
		{55D606A1-F7BC-407D-BB5B-6369B2E78AC9}.Debug|x86.Build.0 = Debug|Win32
		{55D606A1-F7BC-407D-BB5B-6369B2E78AC9}.Release|ARM.ActiveCfg = Release|x64
		{55D606A1-F7BC-407D-BB5B-6369B2E78AC9}.Release|ARM.Build.0 = Release|x64
		{55D606A1-F7BC-407D-BB5B-6369B2E78AC9}.Release|ARM64.ActiveCfg = Release|x64
		{55D606A1-F7BC-407D-BB5B-6369B2E78AC9}.Release|ARM64.Build.0 = Release|x64
		{55D606A1-F7BC-407D-BB5B-6369B2E78AC9}.Release|Win32.ActiveCfg = Release|Win32
		{55D606A1-F7BC-407D-BB5B-6369B2E78AC9}.Release|Win32.Build.0 = Release|Win32
		{55D606A1-F7BC-407D-BB5B-6369B2E78AC9}.Release|x64.ActiveCfg = Release|x64
		{55D606A1-F7BC-407D-BB5B-6369B2E78AC9}.Release|x64.Build.0 = Release|x64
		{55D606A1-F7BC-407D-BB5B-6369B2E78AC9}.Release|x86.ActiveCfg = Release|Win32
		{55D606A1-F7BC-407D-BB5B-6369B2E78AC9}.Release|x86.Build.0 = Release|Win32
		{55D606A1-F7BC-407D-BB5B-6369B2E78AC9}.Win7 Debug|ARM.ActiveCfg = Debug|x64
		{55D606A1-F7BC-407D-BB5B-6369B2E78AC9}.Win7 Debug|ARM.Build.0 = Debug|x64
		{55D606A1-F7BC-407D-BB5B-6369B2E78AC9}.Win7 Debug|ARM64.ActiveCfg = Debug|x64
		{55D606A1-F7BC-407D-BB5B-6369B2E78AC9}.Win7 Debug|ARM64.Build.0 = Debug|x64
		{55D606A1-F7BC-407D-BB5B-6369B2E78AC9}.Win7 Debug|Win32.ActiveCfg = Debug|Win32
		{55D606A1-F7BC-407D-BB5B-6369B2E78AC9}.Win7 Debug|Win32.Build.0 = Debug|Win32
		{55D606A1-F7BC-407D-BB5B-6369B2E78AC9}.Win7 Debug|x64.ActiveCfg = Debug|x64
		{55D606A1-F7BC-407D-BB5B-6369B2E78AC9}.Win7 Debug|x64.Build.0 = Debug|x64
		{55D606A1-F7BC-407D-BB5B-6369B2E78AC9}.Win7 Debug|x86.ActiveCfg = Debug|Win32
		{55D606A1-F7BC-407D-BB5B-6369B2E78AC9}.Win7 Debug|x86.Build.0 = Debug|Win32
		{55D606A1-F7BC-407D-BB5B-6369B2E78AC9}.Win7 Release|ARM.ActiveCfg = Release|x64
		{55D606A1-F7BC-407D-BB5B-6369B2E78AC9}.Win7 Release|ARM.Build.0 = Release|x64
		{55D606A1-F7BC-407D-BB5B-6369B2E78AC9}.Win7 Release|ARM64.ActiveCfg = Release|x64
		{55D606A1-F7BC-407D-BB5B-6369B2E78AC9}.Win7 Release|ARM64.Build.0 = Release|x64
		{55D606A1-F7BC-407D-BB5B-6369B2E78AC9}.Win7 Release|Win32.ActiveCfg = Release|Win32
		{55D606A1-F7BC-407D-BB5B-6369B2E78AC9}.Win7 Release|Win32.Build.0 = Release|Win32
		{55D606A1-F7BC-407D-BB5B-6369B2E78AC9}.Win7 Release|x64.ActiveCfg = Release|x64
		{55D606A1-F7BC-407D-BB5B-6369B2E78AC9}.Win7 Release|x64.Build.0 = Release|x64
		{55D606A1-F7BC-407D-BB5B-6369B2E78AC9}.Win7 Release|x86.ActiveCfg = Release|Win32
		{55D606A1-F7BC-407D-BB5B-6369B2E78AC9}.Win7 Release|x86.Build.0 = Release|Win32
		{55D606A1-F7BC-407D-BB5B-6369B2E78AC9}.Win8 Debug|ARM.ActiveCfg = Debug|x64
		{55D606A1-F7BC-407D-BB5B-6369B2E78AC9}.Win8 Debug|ARM.Build.0 = Debug|x64
		{55D606A1-F7BC-407D-BB5B-6369B2E78AC9}.Win8 Debug|ARM64.ActiveCfg = Debug|x64
		{55D606A1-F7BC-407D-BB5B-6369B2E78AC9}.Win8 Debug|ARM64.Build.0 = Debug|x64
		{55D606A1-F7BC-407D-BB5B-6369B2E78AC9}.Win8 Debug|Win32.ActiveCfg = Debug|Win32
		{55D606A1-F7BC-407D-BB5B-6369B2E78AC9}.Win8 Debug|Win32.Build.0 = Debug|Win32
		{55D606A1-F7BC-407D-BB5B-6369B2E78AC9}.Win8 Debug|x64.ActiveCfg = Debug|x64
		{55D606A1-F7BC-407D-BB5B-6369B2E78AC9}.Win8 Debug|x64.Build.0 = Debug|x64
		{55D606A1-F7BC-407D-BB5B-6369B2E78AC9}.Win8 Debug|x86.ActiveCfg = Debug|Win32
		{55D606A1-F7BC-407D-BB5B-6369B2E78AC9}.Win8 Debug|x86.Build.0 = Debug|Win32
		{55D606A1-F7BC-407D-BB5B-6369B2E78AC9}.Win8 Release|ARM.ActiveCfg = Release|x64
		{55D606A1-F7BC-407D-BB5B-6369B2E78AC9}.Win8 Release|ARM.Build.0 = Release|x64
		{55D606A1-F7BC-407D-BB5B-6369B2E78AC9}.Win8 Release|ARM64.ActiveCfg = Release|x64
		{55D606A1-F7BC-407D-BB5B-6369B2E78AC9}.Win8 Release|ARM64.Build.0 = Release|x64
		{55D606A1-F7BC-407D-BB5B-6369B2E78AC9}.Win8 Release|Win32.ActiveCfg = Release|Win32
		{55D606A1-F7BC-407D-BB5B-6369B2E78AC9}.Win8 Release|Win32.Build.0 = Release|Win32
		{55D606A1-F7BC-407D-BB5B-6369B2E78AC9}.Win8 Release|x64.ActiveCfg = Release|x64
		{55D606A1-F7BC-407D-BB5B-6369B2E78AC9}.Win8 Release|x64.Build.0 = Release|x64
		{55D606A1-F7BC-407D-BB5B-6369B2E78AC9}.Win8 Release|x86.ActiveCfg = Release|Win32
		{55D606A1-F7BC-407D-BB5B-6369B2E78AC9}.Win8 Release|x86.Build.0 = Release|Win32
		{55D606A1-F7BC-407D-BB5B-6369B2E78AC9}.Win8.1 Debug|ARM.ActiveCfg = Debug|x64
		{55D606A1-F7BC-407D-BB5B-6369B2E78AC9}.Win8.1 Debug|ARM.Build.0 = Debug|x64
		{55D606A1-F7BC-407D-BB5B-6369B2E78AC9}.Win8.1 Debug|ARM64.ActiveCfg = Debug|x64
		{55D606A1-F7BC-407D-BB5B-6369B2E78AC9}.Win8.1 Debug|ARM64.Build.0 = Debug|x64
		{55D606A1-F7BC-407D-BB5B-6369B2E78AC9}.Win8.1 Debug|Win32.ActiveCfg = Debug|Win32
		{55D606A1-F7BC-407D-BB5B-6369B2E78AC9}.Win8.1 Debug|Win32.Build.0 = Debug|Win32
		{55D606A1-F7BC-407D-BB5B-6369B2E78AC9}.Win8.1 Debug|x64.ActiveCfg = Debug|x64
		{55D606A1-F7BC-407D-BB5B-6369B2E78AC9}.Win8.1 Debug|x64.Build.0 = Debug|x64
		{55D606A1-F7BC-407D-BB5B-6369B2E78AC9}.Win8.1 Debug|x86.ActiveCfg = Debug|Win32
		{55D606A1-F7BC-407D-BB5B-6369B2E78AC9}.Win8.1 Debug|x86.Build.0 = Debug|Win32
		{55D606A1-F7BC-407D-BB5B-6369B2E78AC9}.Win8.1 Release|ARM.ActiveCfg = Release|x64
		{55D606A1-F7BC-407D-BB5B-6369B2E78AC9}.Win8.1 Release|ARM.Build.0 = Release|x64
		{55D606A1-F7BC-407D-BB5B-6369B2E78AC9}.Win8.1 Release|ARM64.ActiveCfg = Release|x64
		{55D606A1-F7BC-407D-BB5B-6369B2E78AC9}.Win8.1 Release|ARM64.Build.0 = Release|x64
		{55D606A1-F7BC-407D-BB5B-6369B2E78AC9}.Win8.1 Release|Win32.ActiveCfg = Release|Win32
		{55D606A1-F7BC-407D-BB5B-6369B2E78AC9}.Win8.1 Release|Win32.Build.0 = Release|Win32
		{55D606A1-F7BC-407D-BB5B-6369B2E78AC9}.Win8.1 Release|x64.ActiveCfg = Release|x64
		{55D606A1-F7BC-407D-BB5B-6369B2E78AC9}.Win8.1 Release|x64.Build.0 = Release|x64
		{55D606A1-F7BC-407D-BB5B-6369B2E78AC9}.Win8.1 Release|x86.ActiveCfg = Release|Win32
		{55D606A1-F7BC-407D-BB5B-6369B2E78AC9}.Win8.1 Release|x86.Build.0 = Release|Win32
		{5CBBB2D5-722C-4C10-B0E1-5A4F0489B0EA}.Debug|ARM.ActiveCfg = Debug|x64
		{5CBBB2D5-722C-4C10-B0E1-5A4F0489B0EA}.Debug|ARM.Build.0 = Debug|x64
		{5CBBB2D5-722C-4C10-B0E1-5A4F0489B0EA}.Debug|ARM64.ActiveCfg = Debug|x64
		{5CBBB2D5-722C-4C10-B0E1-5A4F0489B0EA}.Debug|ARM64.Build.0 = Debug|x64
		{5CBBB2D5-722C-4C10-B0E1-5A4F0489B0EA}.Debug|Win32.ActiveCfg = Debug|Win32
		{5CBBB2D5-722C-4C10-B0E1-5A4F0489B0EA}.Debug|Win32.Build.0 = Debug|Win32
		{5CBBB2D5-722C-4C10-B0E1-5A4F0489B0EA}.Debug|x64.ActiveCfg = Debug|x64
		{5CBBB2D5-722C-4C10-B0E1-5A4F0489B0EA}.Debug|x64.Build.0 = Debug|x64
		{5CBBB2D5-722C-4C10-B0E1-5A4F0489B0EA}.Debug|x86.ActiveCfg = Debug|Win32
		{5CBBB2D5-722C-4C10-B0E1-5A4F0489B0EA}.Debug|x86.Build.0 = Debug|Win32
		{5CBBB2D5-722C-4C10-B0E1-5A4F0489B0EA}.Release|ARM.ActiveCfg = Release|x64
		{5CBBB2D5-722C-4C10-B0E1-5A4F0489B0EA}.Release|ARM.Build.0 = Release|x64
		{5CBBB2D5-722C-4C10-B0E1-5A4F0489B0EA}.Release|ARM64.ActiveCfg = Release|x64
		{5CBBB2D5-722C-4C10-B0E1-5A4F0489B0EA}.Release|ARM64.Build.0 = Release|x64
		{5CBBB2D5-722C-4C10-B0E1-5A4F0489B0EA}.Release|Win32.ActiveCfg = Release|Win32
		{5CBBB2D5-722C-4C10-B0E1-5A4F0489B0EA}.Release|Win32.Build.0 = Release|Win32
		{5CBBB2D5-722C-4C10-B0E1-5A4F0489B0EA}.Release|x64.ActiveCfg = Release|x64
		{5CBBB2D5-722C-4C10-B0E1-5A4F0489B0EA}.Release|x64.Build.0 = Release|x64
		{5CBBB2D5-722C-4C10-B0E1-5A4F0489B0EA}.Release|x86.ActiveCfg = Release|Win32
		{5CBBB2D5-722C-4C10-B0E1-5A4F0489B0EA}.Release|x86.Build.0 = Release|Win32
		{5CBBB2D5-722C-4C10-B0E1-5A4F0489B0EA}.Win7 Debug|ARM.ActiveCfg = Debug|x64
		{5CBBB2D5-722C-4C10-B0E1-5A4F0489B0EA}.Win7 Debug|ARM.Build.0 = Debug|x64
		{5CBBB2D5-722C-4C10-B0E1-5A4F0489B0EA}.Win7 Debug|ARM64.ActiveCfg = Debug|x64
		{5CBBB2D5-722C-4C10-B0E1-5A4F0489B0EA}.Win7 Debug|ARM64.Build.0 = Debug|x64
		{5CBBB2D5-722C-4C10-B0E1-5A4F0489B0EA}.Win7 Debug|Win32.ActiveCfg = Debug|Win32
		{5CBBB2D5-722C-4C10-B0E1-5A4F0489B0EA}.Win7 Debug|Win32.Build.0 = Debug|Win32
		{5CBBB2D5-722C-4C10-B0E1-5A4F0489B0EA}.Win7 Debug|x64.ActiveCfg = Debug|x64
		{5CBBB2D5-722C-4C10-B0E1-5A4F0489B0EA}.Win7 Debug|x64.Build.0 = Debug|x64
		{5CBBB2D5-722C-4C10-B0E1-5A4F0489B0EA}.Win7 Debug|x86.ActiveCfg = Debug|Win32
		{5CBBB2D5-722C-4C10-B0E1-5A4F0489B0EA}.Win7 Debug|x86.Build.0 = Debug|Win32
		{5CBBB2D5-722C-4C10-B0E1-5A4F0489B0EA}.Win7 Release|ARM.ActiveCfg = Release|x64
		{5CBBB2D5-722C-4C10-B0E1-5A4F0489B0EA}.Win7 Release|ARM.Build.0 = Release|x64
		{5CBBB2D5-722C-4C10-B0E1-5A4F0489B0EA}.Win7 Release|ARM64.ActiveCfg = Release|x64
		{5CBBB2D5-722C-4C10-B0E1-5A4F0489B0EA}.Win7 Release|ARM64.Build.0 = Release|x64
		{5CBBB2D5-722C-4C10-B0E1-5A4F0489B0EA}.Win7 Release|Win32.ActiveCfg = Release|Win32
		{5CBBB2D5-722C-4C10-B0E1-5A4F0489B0EA}.Win7 Release|Win32.Build.0 = Release|Win32
		{5CBBB2D5-722C-4C10-B0E1-5A4F0489B0EA}.Win7 Release|x64.ActiveCfg = Release|x64
		{5CBBB2D5-722C-4C10-B0E1-5A4F0489B0EA}.Win7 Release|x64.Build.0 = Release|x64
		{5CBBB2D5-722C-4C10-B0E1-5A4F0489B0EA}.Win7 Release|x86.ActiveCfg = Release|Win32
		{5CBBB2D5-722C-4C10-B0E1-5A4F0489B0EA}.Win7 Release|x86.Build.0 = Release|Win32
		{5CBBB2D5-722C-4C10-B0E1-5A4F0489B0EA}.Win8 Debug|ARM.ActiveCfg = Debug|x64
		{5CBBB2D5-722C-4C10-B0E1-5A4F0489B0EA}.Win8 Debug|ARM.Build.0 = Debug|x64
		{5CBBB2D5-722C-4C10-B0E1-5A4F0489B0EA}.Win8 Debug|ARM64.ActiveCfg = Debug|x64
		{5CBBB2D5-722C-4C10-B0E1-5A4F0489B0EA}.Win8 Debug|ARM64.Build.0 = Debug|x64
		{5CBBB2D5-722C-4C10-B0E1-5A4F0489B0EA}.Win8 Debug|Win32.ActiveCfg = Debug|Win32
		{5CBBB2D5-722C-4C10-B0E1-5A4F0489B0EA}.Win8 Debug|Win32.Build.0 = Debug|Win32
		{5CBBB2D5-722C-4C10-B0E1-5A4F0489B0EA}.Win8 Debug|x64.ActiveCfg = Debug|x64
		{5CBBB2D5-722C-4C10-B0E1-5A4F0489B0EA}.Win8 Debug|x64.Build.0 = Debug|x64
		{5CBBB2D5-722C-4C10-B0E1-5A4F0489B0EA}.Win8 Debug|x86.ActiveCfg = Debug|Win32
		{5CBBB2D5-722C-4C10-B0E1-5A4F0489B0EA}.Win8 Debug|x86.Build.0 = Debug|Win32
		{5CBBB2D5-722C-4C10-B0E1-5A4F0489B0EA}.Win8 Release|ARM.ActiveCfg = Release|x64
		{5CBBB2D5-722C-4C10-B0E1-5A4F0489B0EA}.Win8 Release|ARM.Build.0 = Release|x64
		{5CBBB2D5-722C-4C10-B0E1-5A4F0489B0EA}.Win8 Release|ARM64.ActiveCfg = Release|x64
		{5CBBB2D5-722C-4C10-B0E1-5A4F0489B0EA}.Win8 Release|ARM64.Build.0 = Release|x64
		{5CBBB2D5-722C-4C10-B0E1-5A4F0489B0EA}.Win8 Release|Win32.ActiveCfg = Release|Win32
		{5CBBB2D5-722C-4C10-B0E1-5A4F0489B0EA}.Win8 Release|Win32.Build.0 = Release|Win32
		{5CBBB2D5-722C-4C10-B0E1-5A4F0489B0EA}.Win8 Release|x64.ActiveCfg = Release|x64
		{5CBBB2D5-722C-4C10-B0E1-5A4F0489B0EA}.Win8 Release|x64.Build.0 = Release|x64
		{5CBBB2D5-722C-4C10-B0E1-5A4F0489B0EA}.Win8 Release|x86.ActiveCfg = Release|Win32
		{5CBBB2D5-722C-4C10-B0E1-5A4F0489B0EA}.Win8 Release|x86.Build.0 = Release|Win32
		{5CBBB2D5-722C-4C10-B0E1-5A4F0489B0EA}.Win8.1 Debug|ARM.ActiveCfg = Debug|x64
		{5CBBB2D5-722C-4C10-B0E1-5A4F0489B0EA}.Win8.1 Debug|ARM.Build.0 = Debug|x64
		{5CBBB2D5-722C-4C10-B0E1-5A4F0489B0EA}.Win8.1 Debug|ARM64.ActiveCfg = Debug|x64
		{5CBBB2D5-722C-4C10-B0E1-5A4F0489B0EA}.Win8.1 Debug|ARM64.Build.0 = Debug|x64
		{5CBBB2D5-722C-4C10-B0E1-5A4F0489B0EA}.Win8.1 Debug|Win32.ActiveCfg = Debug|Win32
		{5CBBB2D5-722C-4C10-B0E1-5A4F0489B0EA}.Win8.1 Debug|Win32.Build.0 = Debug|Win32
		{5CBBB2D5-722C-4C10-B0E1-5A4F0489B0EA}.Win8.1 Debug|x64.ActiveCfg = Debug|x64
		{5CBBB2D5-722C-4C10-B0E1-5A4F0489B0EA}.Win8.1 Debug|x64.Build.0 = Debug|x64
		{5CBBB2D5-722C-4C10-B0E1-5A4F0489B0EA}.Win8.1 Debug|x86.ActiveCfg = Debug|Win32
		{5CBBB2D5-722C-4C10-B0E1-5A4F0489B0EA}.Win8.1 Debug|x86.Build.0 = Debug|Win32
		{5CBBB2D5-722C-4C10-B0E1-5A4F0489B0EA}.Win8.1 Release|ARM.ActiveCfg = Release|x64
		{5CBBB2D5-722C-4C10-B0E1-5A4F0489B0EA}.Win8.1 Release|ARM.Build.0 = Release|x64
		{5CBBB2D5-722C-4C10-B0E1-5A4F0489B0EA}.Win8.1 Release|ARM64.ActiveCfg = Release|x64
		{5CBBB2D5-722C-4C10-B0E1-5A4F0489B0EA}.Win8.1 Release|ARM64.Build.0 = Release|x64
		{5CBBB2D5-722C-4C10-B0E1-5A4F0489B0EA}.Win8.1 Release|Win32.ActiveCfg = Release|Win32
		{5CBBB2D5-722C-4C10-B0E1-5A4F0489B0EA}.Win8.1 Release|Win32.Build.0 = Release|Win32
		{5CBBB2D5-722C-4C10-B0E1-5A4F0489B0EA}.Win8.1 Release|x64.ActiveCfg = Release|x64
		{5CBBB2D5-722C-4C10-B0E1-5A4F0489B0EA}.Win8.1 Release|x64.Build.0 = Release|x64
		{5CBBB2D5-722C-4C10-B0E1-5A4F0489B0EA}.Win8.1 Release|x86.ActiveCfg = Release|Win32
		{5CBBB2D5-722C-4C10-B0E1-5A4F0489B0EA}.Win8.1 Release|x86.Build.0 = Release|Win32
		{5951D45B-D5C0-4BF0-A8B3-C79B9EE64899}.Debug|ARM.ActiveCfg = Debug|x64
		{5951D45B-D5C0-4BF0-A8B3-C79B9EE64899}.Debug|ARM.Build.0 = Debug|x64
		{5951D45B-D5C0-4BF0-A8B3-C79B9EE64899}.Debug|ARM.Deploy.0 = Debug|x64
		{5951D45B-D5C0-4BF0-A8B3-C79B9EE64899}.Debug|ARM64.ActiveCfg = Debug|ARM64
		{5951D45B-D5C0-4BF0-A8B3-C79B9EE64899}.Debug|ARM64.Build.0 = Debug|ARM64
		{5951D45B-D5C0-4BF0-A8B3-C79B9EE64899}.Debug|ARM64.Deploy.0 = Debug|ARM64
		{5951D45B-D5C0-4BF0-A8B3-C79B9EE64899}.Debug|Win32.ActiveCfg = Debug|x64
		{5951D45B-D5C0-4BF0-A8B3-C79B9EE64899}.Debug|Win32.Build.0 = Debug|x64
		{5951D45B-D5C0-4BF0-A8B3-C79B9EE64899}.Debug|Win32.Deploy.0 = Debug|x64
		{5951D45B-D5C0-4BF0-A8B3-C79B9EE64899}.Debug|x64.ActiveCfg = Debug|x64
		{5951D45B-D5C0-4BF0-A8B3-C79B9EE64899}.Debug|x64.Build.0 = Debug|x64
		{5951D45B-D5C0-4BF0-A8B3-C79B9EE64899}.Debug|x64.Deploy.0 = Debug|x64
		{5951D45B-D5C0-4BF0-A8B3-C79B9EE64899}.Debug|x86.ActiveCfg = Debug|x64
		{5951D45B-D5C0-4BF0-A8B3-C79B9EE64899}.Debug|x86.Build.0 = Debug|x64
		{5951D45B-D5C0-4BF0-A8B3-C79B9EE64899}.Debug|x86.Deploy.0 = Debug|x64
		{5951D45B-D5C0-4BF0-A8B3-C79B9EE64899}.Release|ARM.ActiveCfg = Release|x64
		{5951D45B-D5C0-4BF0-A8B3-C79B9EE64899}.Release|ARM.Build.0 = Release|x64
		{5951D45B-D5C0-4BF0-A8B3-C79B9EE64899}.Release|ARM.Deploy.0 = Release|x64
		{5951D45B-D5C0-4BF0-A8B3-C79B9EE64899}.Release|ARM64.ActiveCfg = Release|ARM64
		{5951D45B-D5C0-4BF0-A8B3-C79B9EE64899}.Release|ARM64.Build.0 = Release|ARM64
		{5951D45B-D5C0-4BF0-A8B3-C79B9EE64899}.Release|ARM64.Deploy.0 = Release|ARM64
		{5951D45B-D5C0-4BF0-A8B3-C79B9EE64899}.Release|Win32.ActiveCfg = Release|x64
		{5951D45B-D5C0-4BF0-A8B3-C79B9EE64899}.Release|Win32.Build.0 = Release|x64
		{5951D45B-D5C0-4BF0-A8B3-C79B9EE64899}.Release|Win32.Deploy.0 = Release|x64
		{5951D45B-D5C0-4BF0-A8B3-C79B9EE64899}.Release|x64.ActiveCfg = Release|x64
		{5951D45B-D5C0-4BF0-A8B3-C79B9EE64899}.Release|x64.Build.0 = Release|x64
		{5951D45B-D5C0-4BF0-A8B3-C79B9EE64899}.Release|x64.Deploy.0 = Release|x64
		{5951D45B-D5C0-4BF0-A8B3-C79B9EE64899}.Release|x86.ActiveCfg = Release|x64
		{5951D45B-D5C0-4BF0-A8B3-C79B9EE64899}.Release|x86.Build.0 = Release|x64
		{5951D45B-D5C0-4BF0-A8B3-C79B9EE64899}.Release|x86.Deploy.0 = Release|x64
		{5951D45B-D5C0-4BF0-A8B3-C79B9EE64899}.Win7 Debug|ARM.ActiveCfg = Debug|x64
		{5951D45B-D5C0-4BF0-A8B3-C79B9EE64899}.Win7 Debug|ARM.Build.0 = Debug|x64
		{5951D45B-D5C0-4BF0-A8B3-C79B9EE64899}.Win7 Debug|ARM.Deploy.0 = Debug|x64
		{5951D45B-D5C0-4BF0-A8B3-C79B9EE64899}.Win7 Debug|ARM64.ActiveCfg = Debug|ARM64
		{5951D45B-D5C0-4BF0-A8B3-C79B9EE64899}.Win7 Debug|ARM64.Build.0 = Debug|ARM64
		{5951D45B-D5C0-4BF0-A8B3-C79B9EE64899}.Win7 Debug|ARM64.Deploy.0 = Debug|ARM64
		{5951D45B-D5C0-4BF0-A8B3-C79B9EE64899}.Win7 Debug|Win32.ActiveCfg = Debug|x64
		{5951D45B-D5C0-4BF0-A8B3-C79B9EE64899}.Win7 Debug|Win32.Build.0 = Debug|x64
		{5951D45B-D5C0-4BF0-A8B3-C79B9EE64899}.Win7 Debug|Win32.Deploy.0 = Debug|x64
		{5951D45B-D5C0-4BF0-A8B3-C79B9EE64899}.Win7 Debug|x64.ActiveCfg = Debug|x64
		{5951D45B-D5C0-4BF0-A8B3-C79B9EE64899}.Win7 Debug|x64.Build.0 = Debug|x64
		{5951D45B-D5C0-4BF0-A8B3-C79B9EE64899}.Win7 Debug|x64.Deploy.0 = Debug|x64
		{5951D45B-D5C0-4BF0-A8B3-C79B9EE64899}.Win7 Debug|x86.ActiveCfg = Debug|x64
		{5951D45B-D5C0-4BF0-A8B3-C79B9EE64899}.Win7 Debug|x86.Build.0 = Debug|x64
		{5951D45B-D5C0-4BF0-A8B3-C79B9EE64899}.Win7 Debug|x86.Deploy.0 = Debug|x64
		{5951D45B-D5C0-4BF0-A8B3-C79B9EE64899}.Win7 Release|ARM.ActiveCfg = Release|x64
		{5951D45B-D5C0-4BF0-A8B3-C79B9EE64899}.Win7 Release|ARM.Build.0 = Release|x64
		{5951D45B-D5C0-4BF0-A8B3-C79B9EE64899}.Win7 Release|ARM.Deploy.0 = Release|x64
		{5951D45B-D5C0-4BF0-A8B3-C79B9EE64899}.Win7 Release|ARM64.ActiveCfg = Release|ARM64
		{5951D45B-D5C0-4BF0-A8B3-C79B9EE64899}.Win7 Release|ARM64.Build.0 = Release|ARM64
		{5951D45B-D5C0-4BF0-A8B3-C79B9EE64899}.Win7 Release|ARM64.Deploy.0 = Release|ARM64
		{5951D45B-D5C0-4BF0-A8B3-C79B9EE64899}.Win7 Release|Win32.ActiveCfg = Release|x64
		{5951D45B-D5C0-4BF0-A8B3-C79B9EE64899}.Win7 Release|Win32.Build.0 = Release|x64
		{5951D45B-D5C0-4BF0-A8B3-C79B9EE64899}.Win7 Release|Win32.Deploy.0 = Release|x64
		{5951D45B-D5C0-4BF0-A8B3-C79B9EE64899}.Win7 Release|x64.ActiveCfg = Release|x64
		{5951D45B-D5C0-4BF0-A8B3-C79B9EE64899}.Win7 Release|x64.Build.0 = Release|x64
		{5951D45B-D5C0-4BF0-A8B3-C79B9EE64899}.Win7 Release|x64.Deploy.0 = Release|x64
		{5951D45B-D5C0-4BF0-A8B3-C79B9EE64899}.Win7 Release|x86.ActiveCfg = Release|x64
		{5951D45B-D5C0-4BF0-A8B3-C79B9EE64899}.Win7 Release|x86.Build.0 = Release|x64
		{5951D45B-D5C0-4BF0-A8B3-C79B9EE64899}.Win7 Release|x86.Deploy.0 = Release|x64
		{5951D45B-D5C0-4BF0-A8B3-C79B9EE64899}.Win8 Debug|ARM.ActiveCfg = Debug|x64
		{5951D45B-D5C0-4BF0-A8B3-C79B9EE64899}.Win8 Debug|ARM.Build.0 = Debug|x64
		{5951D45B-D5C0-4BF0-A8B3-C79B9EE64899}.Win8 Debug|ARM.Deploy.0 = Debug|x64
		{5951D45B-D5C0-4BF0-A8B3-C79B9EE64899}.Win8 Debug|ARM64.ActiveCfg = Debug|ARM64
		{5951D45B-D5C0-4BF0-A8B3-C79B9EE64899}.Win8 Debug|ARM64.Build.0 = Debug|ARM64
		{5951D45B-D5C0-4BF0-A8B3-C79B9EE64899}.Win8 Debug|ARM64.Deploy.0 = Debug|ARM64
		{5951D45B-D5C0-4BF0-A8B3-C79B9EE64899}.Win8 Debug|Win32.ActiveCfg = Debug|x64
		{5951D45B-D5C0-4BF0-A8B3-C79B9EE64899}.Win8 Debug|Win32.Build.0 = Debug|x64
		{5951D45B-D5C0-4BF0-A8B3-C79B9EE64899}.Win8 Debug|Win32.Deploy.0 = Debug|x64
		{5951D45B-D5C0-4BF0-A8B3-C79B9EE64899}.Win8 Debug|x64.ActiveCfg = Debug|x64
		{5951D45B-D5C0-4BF0-A8B3-C79B9EE64899}.Win8 Debug|x64.Build.0 = Debug|x64
		{5951D45B-D5C0-4BF0-A8B3-C79B9EE64899}.Win8 Debug|x64.Deploy.0 = Debug|x64
		{5951D45B-D5C0-4BF0-A8B3-C79B9EE64899}.Win8 Debug|x86.ActiveCfg = Debug|x64
		{5951D45B-D5C0-4BF0-A8B3-C79B9EE64899}.Win8 Debug|x86.Build.0 = Debug|x64
		{5951D45B-D5C0-4BF0-A8B3-C79B9EE64899}.Win8 Debug|x86.Deploy.0 = Debug|x64
		{5951D45B-D5C0-4BF0-A8B3-C79B9EE64899}.Win8 Release|ARM.ActiveCfg = Release|x64
		{5951D45B-D5C0-4BF0-A8B3-C79B9EE64899}.Win8 Release|ARM.Build.0 = Release|x64
		{5951D45B-D5C0-4BF0-A8B3-C79B9EE64899}.Win8 Release|ARM.Deploy.0 = Release|x64
		{5951D45B-D5C0-4BF0-A8B3-C79B9EE64899}.Win8 Release|ARM64.ActiveCfg = Release|ARM64
		{5951D45B-D5C0-4BF0-A8B3-C79B9EE64899}.Win8 Release|ARM64.Build.0 = Release|ARM64
		{5951D45B-D5C0-4BF0-A8B3-C79B9EE64899}.Win8 Release|ARM64.Deploy.0 = Release|ARM64
		{5951D45B-D5C0-4BF0-A8B3-C79B9EE64899}.Win8 Release|Win32.ActiveCfg = Release|x64
		{5951D45B-D5C0-4BF0-A8B3-C79B9EE64899}.Win8 Release|Win32.Build.0 = Release|x64
		{5951D45B-D5C0-4BF0-A8B3-C79B9EE64899}.Win8 Release|Win32.Deploy.0 = Release|x64
		{5951D45B-D5C0-4BF0-A8B3-C79B9EE64899}.Win8 Release|x64.ActiveCfg = Release|x64
		{5951D45B-D5C0-4BF0-A8B3-C79B9EE64899}.Win8 Release|x64.Build.0 = Release|x64
		{5951D45B-D5C0-4BF0-A8B3-C79B9EE64899}.Win8 Release|x64.Deploy.0 = Release|x64
		{5951D45B-D5C0-4BF0-A8B3-C79B9EE64899}.Win8 Release|x86.ActiveCfg = Release|x64
		{5951D45B-D5C0-4BF0-A8B3-C79B9EE64899}.Win8 Release|x86.Build.0 = Release|x64
		{5951D45B-D5C0-4BF0-A8B3-C79B9EE64899}.Win8 Release|x86.Deploy.0 = Release|x64
		{5951D45B-D5C0-4BF0-A8B3-C79B9EE64899}.Win8.1 Debug|ARM.ActiveCfg = Debug|x64
		{5951D45B-D5C0-4BF0-A8B3-C79B9EE64899}.Win8.1 Debug|ARM.Build.0 = Debug|x64
		{5951D45B-D5C0-4BF0-A8B3-C79B9EE64899}.Win8.1 Debug|ARM.Deploy.0 = Debug|x64
		{5951D45B-D5C0-4BF0-A8B3-C79B9EE64899}.Win8.1 Debug|ARM64.ActiveCfg = Debug|ARM64
		{5951D45B-D5C0-4BF0-A8B3-C79B9EE64899}.Win8.1 Debug|ARM64.Build.0 = Debug|ARM64
		{5951D45B-D5C0-4BF0-A8B3-C79B9EE64899}.Win8.1 Debug|ARM64.Deploy.0 = Debug|ARM64
		{5951D45B-D5C0-4BF0-A8B3-C79B9EE64899}.Win8.1 Debug|Win32.ActiveCfg = Debug|x64
		{5951D45B-D5C0-4BF0-A8B3-C79B9EE64899}.Win8.1 Debug|Win32.Build.0 = Debug|x64
		{5951D45B-D5C0-4BF0-A8B3-C79B9EE64899}.Win8.1 Debug|Win32.Deploy.0 = Debug|x64
		{5951D45B-D5C0-4BF0-A8B3-C79B9EE64899}.Win8.1 Debug|x64.ActiveCfg = Debug|x64
		{5951D45B-D5C0-4BF0-A8B3-C79B9EE64899}.Win8.1 Debug|x64.Build.0 = Debug|x64
		{5951D45B-D5C0-4BF0-A8B3-C79B9EE64899}.Win8.1 Debug|x64.Deploy.0 = Debug|x64
		{5951D45B-D5C0-4BF0-A8B3-C79B9EE64899}.Win8.1 Debug|x86.ActiveCfg = Debug|x64
		{5951D45B-D5C0-4BF0-A8B3-C79B9EE64899}.Win8.1 Debug|x86.Build.0 = Debug|x64
		{5951D45B-D5C0-4BF0-A8B3-C79B9EE64899}.Win8.1 Debug|x86.Deploy.0 = Debug|x64
		{5951D45B-D5C0-4BF0-A8B3-C79B9EE64899}.Win8.1 Release|ARM.ActiveCfg = Release|x64
		{5951D45B-D5C0-4BF0-A8B3-C79B9EE64899}.Win8.1 Release|ARM.Build.0 = Release|x64
		{5951D45B-D5C0-4BF0-A8B3-C79B9EE64899}.Win8.1 Release|ARM.Deploy.0 = Release|x64
		{5951D45B-D5C0-4BF0-A8B3-C79B9EE64899}.Win8.1 Release|ARM64.ActiveCfg = Release|ARM64
		{5951D45B-D5C0-4BF0-A8B3-C79B9EE64899}.Win8.1 Release|ARM64.Build.0 = Release|ARM64
		{5951D45B-D5C0-4BF0-A8B3-C79B9EE64899}.Win8.1 Release|ARM64.Deploy.0 = Release|ARM64
		{5951D45B-D5C0-4BF0-A8B3-C79B9EE64899}.Win8.1 Release|Win32.ActiveCfg = Release|x64
		{5951D45B-D5C0-4BF0-A8B3-C79B9EE64899}.Win8.1 Release|Win32.Build.0 = Release|x64
		{5951D45B-D5C0-4BF0-A8B3-C79B9EE64899}.Win8.1 Release|Win32.Deploy.0 = Release|x64
		{5951D45B-D5C0-4BF0-A8B3-C79B9EE64899}.Win8.1 Release|x64.ActiveCfg = Release|x64
		{5951D45B-D5C0-4BF0-A8B3-C79B9EE64899}.Win8.1 Release|x64.Build.0 = Release|x64
		{5951D45B-D5C0-4BF0-A8B3-C79B9EE64899}.Win8.1 Release|x64.Deploy.0 = Release|x64
		{5951D45B-D5C0-4BF0-A8B3-C79B9EE64899}.Win8.1 Release|x86.ActiveCfg = Release|x64
		{5951D45B-D5C0-4BF0-A8B3-C79B9EE64899}.Win8.1 Release|x86.Build.0 = Release|x64
		{5951D45B-D5C0-4BF0-A8B3-C79B9EE64899}.Win8.1 Release|x86.Deploy.0 = Release|x64
		{76370513-9082-42DE-AF46-048516A879D4}.Debug|ARM.ActiveCfg = Debug|x64
		{76370513-9082-42DE-AF46-048516A879D4}.Debug|ARM.Build.0 = Debug|x64
		{76370513-9082-42DE-AF46-048516A879D4}.Debug|ARM64.ActiveCfg = Debug|x64
		{76370513-9082-42DE-AF46-048516A879D4}.Debug|ARM64.Build.0 = Debug|x64
		{76370513-9082-42DE-AF46-048516A879D4}.Debug|Win32.ActiveCfg = Debug|Win32
		{76370513-9082-42DE-AF46-048516A879D4}.Debug|Win32.Build.0 = Debug|Win32
		{76370513-9082-42DE-AF46-048516A879D4}.Debug|x64.ActiveCfg = Debug|x64
		{76370513-9082-42DE-AF46-048516A879D4}.Debug|x64.Build.0 = Debug|x64
		{76370513-9082-42DE-AF46-048516A879D4}.Debug|x86.ActiveCfg = Debug|Win32
		{76370513-9082-42DE-AF46-048516A879D4}.Debug|x86.Build.0 = Debug|Win32
		{76370513-9082-42DE-AF46-048516A879D4}.Release|ARM.ActiveCfg = Release|x64
		{76370513-9082-42DE-AF46-048516A879D4}.Release|ARM.Build.0 = Release|x64
		{76370513-9082-42DE-AF46-048516A879D4}.Release|ARM64.ActiveCfg = Release|x64
		{76370513-9082-42DE-AF46-048516A879D4}.Release|ARM64.Build.0 = Release|x64
		{76370513-9082-42DE-AF46-048516A879D4}.Release|Win32.ActiveCfg = Release|Win32
		{76370513-9082-42DE-AF46-048516A879D4}.Release|Win32.Build.0 = Release|Win32
		{76370513-9082-42DE-AF46-048516A879D4}.Release|x64.ActiveCfg = Release|x64
		{76370513-9082-42DE-AF46-048516A879D4}.Release|x64.Build.0 = Release|x64
		{76370513-9082-42DE-AF46-048516A879D4}.Release|x86.ActiveCfg = Release|Win32
		{76370513-9082-42DE-AF46-048516A879D4}.Release|x86.Build.0 = Release|Win32
		{76370513-9082-42DE-AF46-048516A879D4}.Win7 Debug|ARM.ActiveCfg = Debug|x64
		{76370513-9082-42DE-AF46-048516A879D4}.Win7 Debug|ARM.Build.0 = Debug|x64
		{76370513-9082-42DE-AF46-048516A879D4}.Win7 Debug|ARM64.ActiveCfg = Debug|x64
		{76370513-9082-42DE-AF46-048516A879D4}.Win7 Debug|ARM64.Build.0 = Debug|x64
		{76370513-9082-42DE-AF46-048516A879D4}.Win7 Debug|Win32.ActiveCfg = Debug|Win32
		{76370513-9082-42DE-AF46-048516A879D4}.Win7 Debug|Win32.Build.0 = Debug|Win32
		{76370513-9082-42DE-AF46-048516A879D4}.Win7 Debug|x64.ActiveCfg = Debug|x64
		{76370513-9082-42DE-AF46-048516A879D4}.Win7 Debug|x64.Build.0 = Debug|x64
		{76370513-9082-42DE-AF46-048516A879D4}.Win7 Debug|x86.ActiveCfg = Debug|Win32
		{76370513-9082-42DE-AF46-048516A879D4}.Win7 Debug|x86.Build.0 = Debug|Win32
		{76370513-9082-42DE-AF46-048516A879D4}.Win7 Release|ARM.ActiveCfg = Release|x64
		{76370513-9082-42DE-AF46-048516A879D4}.Win7 Release|ARM.Build.0 = Release|x64
		{76370513-9082-42DE-AF46-048516A879D4}.Win7 Release|ARM64.ActiveCfg = Release|x64
		{76370513-9082-42DE-AF46-048516A879D4}.Win7 Release|ARM64.Build.0 = Release|x64
		{76370513-9082-42DE-AF46-048516A879D4}.Win7 Release|Win32.ActiveCfg = Release|Win32
		{76370513-9082-42DE-AF46-048516A879D4}.Win7 Release|Win32.Build.0 = Release|Win32
		{76370513-9082-42DE-AF46-048516A879D4}.Win7 Release|x64.ActiveCfg = Release|x64
		{76370513-9082-42DE-AF46-048516A879D4}.Win7 Release|x64.Build.0 = Release|x64
		{76370513-9082-42DE-AF46-048516A879D4}.Win7 Release|x86.ActiveCfg = Release|Win32
		{76370513-9082-42DE-AF46-048516A879D4}.Win7 Release|x86.Build.0 = Release|Win32
		{76370513-9082-42DE-AF46-048516A879D4}.Win8 Debug|ARM.ActiveCfg = Debug|x64
		{76370513-9082-42DE-AF46-048516A879D4}.Win8 Debug|ARM.Build.0 = Debug|x64
		{76370513-9082-42DE-AF46-048516A879D4}.Win8 Debug|ARM64.ActiveCfg = Debug|x64
		{76370513-9082-42DE-AF46-048516A879D4}.Win8 Debug|ARM64.Build.0 = Debug|x64
		{76370513-9082-42DE-AF46-048516A879D4}.Win8 Debug|Win32.ActiveCfg = Debug|Win32
		{76370513-9082-42DE-AF46-048516A879D4}.Win8 Debug|Win32.Build.0 = Debug|Win32
		{76370513-9082-42DE-AF46-048516A879D4}.Win8 Debug|x64.ActiveCfg = Debug|x64
		{76370513-9082-42DE-AF46-048516A879D4}.Win8 Debug|x64.Build.0 = Debug|x64
		{76370513-9082-42DE-AF46-048516A879D4}.Win8 Debug|x86.ActiveCfg = Debug|Win32
		{76370513-9082-42DE-AF46-048516A879D4}.Win8 Debug|x86.Build.0 = Debug|Win32
		{76370513-9082-42DE-AF46-048516A879D4}.Win8 Release|ARM.ActiveCfg = Release|x64
		{76370513-9082-42DE-AF46-048516A879D4}.Win8 Release|ARM.Build.0 = Release|x64
		{76370513-9082-42DE-AF46-048516A879D4}.Win8 Release|ARM64.ActiveCfg = Release|x64
		{76370513-9082-42DE-AF46-048516A879D4}.Win8 Release|ARM64.Build.0 = Release|x64
		{76370513-9082-42DE-AF46-048516A879D4}.Win8 Release|Win32.ActiveCfg = Release|Win32
		{76370513-9082-42DE-AF46-048516A879D4}.Win8 Release|Win32.Build.0 = Release|Win32
		{76370513-9082-42DE-AF46-048516A879D4}.Win8 Release|x64.ActiveCfg = Release|x64
		{76370513-9082-42DE-AF46-048516A879D4}.Win8 Release|x64.Build.0 = Release|x64
		{76370513-9082-42DE-AF46-048516A879D4}.Win8 Release|x86.ActiveCfg = Release|Win32
		{76370513-9082-42DE-AF46-048516A879D4}.Win8 Release|x86.Build.0 = Release|Win32
		{76370513-9082-42DE-AF46-048516A879D4}.Win8.1 Debug|ARM.ActiveCfg = Debug|x64
		{76370513-9082-42DE-AF46-048516A879D4}.Win8.1 Debug|ARM.Build.0 = Debug|x64
		{76370513-9082-42DE-AF46-048516A879D4}.Win8.1 Debug|ARM64.ActiveCfg = Debug|x64
		{76370513-9082-42DE-AF46-048516A879D4}.Win8.1 Debug|ARM64.Build.0 = Debug|x64
		{76370513-9082-42DE-AF46-048516A879D4}.Win8.1 Debug|Win32.ActiveCfg = Debug|Win32
		{76370513-9082-42DE-AF46-048516A879D4}.Win8.1 Debug|Win32.Build.0 = Debug|Win32
		{76370513-9082-42DE-AF46-048516A879D4}.Win8.1 Debug|x64.ActiveCfg = Debug|x64
		{76370513-9082-42DE-AF46-048516A879D4}.Win8.1 Debug|x64.Build.0 = Debug|x64
		{76370513-9082-42DE-AF46-048516A879D4}.Win8.1 Debug|x86.ActiveCfg = Debug|Win32
		{76370513-9082-42DE-AF46-048516A879D4}.Win8.1 Debug|x86.Build.0 = Debug|Win32
		{76370513-9082-42DE-AF46-048516A879D4}.Win8.1 Release|ARM.ActiveCfg = Release|x64
		{76370513-9082-42DE-AF46-048516A879D4}.Win8.1 Release|ARM.Build.0 = Release|x64
		{76370513-9082-42DE-AF46-048516A879D4}.Win8.1 Release|ARM64.ActiveCfg = Release|x64
		{76370513-9082-42DE-AF46-048516A879D4}.Win8.1 Release|ARM64.Build.0 = Release|x64
		{76370513-9082-42DE-AF46-048516A879D4}.Win8.1 Release|Win32.ActiveCfg = Release|Win32
		{76370513-9082-42DE-AF46-048516A879D4}.Win8.1 Release|Win32.Build.0 = Release|Win32
		{76370513-9082-42DE-AF46-048516A879D4}.Win8.1 Release|x64.ActiveCfg = Release|x64
		{76370513-9082-42DE-AF46-048516A879D4}.Win8.1 Release|x64.Build.0 = Release|x64
		{76370513-9082-42DE-AF46-048516A879D4}.Win8.1 Release|x86.ActiveCfg = Release|Win32
		{76370513-9082-42DE-AF46-048516A879D4}.Win8.1 Release|x86.Build.0 = Release|Win32
	EndGlobalSection
	GlobalSection(SolutionProperties) = preSolution
		HideSolutionNode = FALSE
	EndGlobalSection
	GlobalSection(ExtensibilityGlobals) = postSolution
		SolutionGuid = {F467C39E-43C7-4CD9-9414-AE32137FB85E}
	EndGlobalSection
EndGlobal
